
Microsoft Visual Studio Solution File, Format Version 12.00
# Visual Studio 15
VisualStudioVersion = 15.0.26730.16
MinimumVisualStudioVersion = 10.0.40219.1
Project("{9092AA53-FB77-4645-B42D-1CCCA6BD08BD}") = "NeueChatbot", "NeueChatbot\NeueChatbot.njsproj", "{18DBC51E-1245-40FA-BFEC-2751145993D8}"
EndProject
Global
	GlobalSection(SolutionConfigurationPlatforms) = preSolution
		Debug|Any CPU = Debug|Any CPU
		Release|Any CPU = Release|Any CPU
	EndGlobalSection
	GlobalSection(ProjectConfigurationPlatforms) = postSolution
		{18DBC51E-1245-40FA-BFEC-2751145993D8}.Debug|Any CPU.ActiveCfg = Debug|Any CPU
		{18DBC51E-1245-40FA-BFEC-2751145993D8}.Debug|Any CPU.Build.0 = Debug|Any CPU
		{18DBC51E-1245-40FA-BFEC-2751145993D8}.Release|Any CPU.ActiveCfg = Release|Any CPU
		{18DBC51E-1245-40FA-BFEC-2751145993D8}.Release|Any CPU.Build.0 = Release|Any CPU
	EndGlobalSection
	GlobalSection(SolutionProperties) = preSolution
		HideSolutionNode = FALSE
	EndGlobalSection
	GlobalSection(ExtensibilityGlobals) = postSolution
		SolutionGuid = {EB816E50-9B89-41B3-A642-FFF5692507BD}
	EndGlobalSection
EndGlobal
